
Microsoft Visual Studio Solution File, Format Version 12.00
# Visual Studio Version 17
VisualStudioVersion = 17.0.31903.59
MinimumVisualStudioVersion = 10.0.40219.1
Project("{2150E333-8FDC-42A3-9474-1A3956D46DE8}") = "src", "src", "{F4850650-2678-4F1C-ADBA-ED1C809390A9}"
EndProject
Project("{2150E333-8FDC-42A3-9474-1A3956D46DE8}") = "tests", "tests", "{1B71B6C1-D0D1-4574-B275-577EEEA14CAE}"
EndProject
Project("{9A19103F-16F7-4668-BE54-9A1E7A4F7556}") = "SuperBot.WebApi", "SuperBot.WebApi\SuperBot.WebApi.csproj", "{54E164C0-111D-49A0-BCAD-126B70DB4270}"
	ProjectSection(ProjectDependencies) = postProject
		{CB3BED97-4B5E-4092-8AA8-B4D4DEF5491C} = {CB3BED97-4B5E-4092-8AA8-B4D4DEF5491C}
	EndProjectSection
EndProject
Project("{9A19103F-16F7-4668-BE54-9A1E7A4F7556}") = "SuperBot.Core", "SuperBot.Core\SuperBot.Core.csproj", "{CB3BED97-4B5E-4092-8AA8-B4D4DEF5491C}"
EndProject
Project("{9A19103F-16F7-4668-BE54-9A1E7A4F7556}") = "SuperBot.Data", "SuperBot.Data\SuperBot.Data.csproj", "{274121C7-9318-4503-BD03-A9D6FA7946D4}"
EndProject
Project("{9A19103F-16F7-4668-BE54-9A1E7A4F7556}") = "SuperBot.Tests", "SuperBot.Tests\SuperBot.Tests.csproj", "{B0C13AA7-357D-428B-8349-6988481B2F53}"
EndProject
Project("{9A19103F-16F7-4668-BE54-9A1E7A4F7556}") = "SuperBot.Telegram", "SuperBot.Telegram\SuperBot.Telegram.csproj", "{7D3600E6-B2C9-43CB-A209-E62755A873E5}"
EndProject
Project("{9A19103F-16F7-4668-BE54-9A1E7A4F7556}") = "SuperBot.Application", "SuperBot.Application\SuperBot.Application.csproj", "{BCD68989-2D2D-44A2-8CF9-FC2BF59703ED}"
EndProject
Project("{9A19103F-16F7-4668-BE54-9A1E7A4F7556}") = "SuperBot.Infrastructure", "SuperBot.Infrastructure\SuperBot.Infrastructure.csproj", "{7D4FD53B-2F45-419F-BA9A-A71A5B1FFF45}"
EndProject
Project("{9A19103F-16F7-4668-BE54-9A1E7A4F7556}") = "SuperBot.Presentation", "SuperBot.Presentation\SuperBot.Presentation.csproj", "{5D3C5644-F8BA-4295-83B4-856DF7A553C0}"
EndProject
Project("{9092AA53-FB77-4645-B42D-1CCCA6BD08BD}") = "WebCatalogApp", "Tale_gameshop\WebCatalogApp.njsproj", "{953C3172-07BD-465A-9EAD-77C9CD755988}"
EndProject
Project("{9A19103F-16F7-4668-BE54-9A1E7A4F7556}") = "SuperBot.Identity", "SuperBot.Identity\SuperBot.Identity.csproj", "{7633ACDA-9BCC-41EB-A7E9-966A4DEA41FB}"
EndProject
Project("{FAE04EC0-301F-11D3-BF4B-00C04F79EFBC}") = "SuperBot.Common.Auth", "SuperBot.Common.Auth\SuperBot.Common.Auth.csproj", "{1967DABA-CC2C-4D78-9D4B-A4F07892FE93}"
EndProject
Global
	GlobalSection(SolutionConfigurationPlatforms) = preSolution
		Debug|Any CPU = Debug|Any CPU
		Release|Any CPU = Release|Any CPU
	EndGlobalSection
	GlobalSection(ProjectConfigurationPlatforms) = postSolution
		{54E164C0-111D-49A0-BCAD-126B70DB4270}.Debug|Any CPU.ActiveCfg = Debug|Any CPU
		{54E164C0-111D-49A0-BCAD-126B70DB4270}.Debug|Any CPU.Build.0 = Debug|Any CPU
		{54E164C0-111D-49A0-BCAD-126B70DB4270}.Release|Any CPU.ActiveCfg = Release|Any CPU
		{54E164C0-111D-49A0-BCAD-126B70DB4270}.Release|Any CPU.Build.0 = Release|Any CPU
		{CB3BED97-4B5E-4092-8AA8-B4D4DEF5491C}.Debug|Any CPU.ActiveCfg = Debug|Any CPU
		{CB3BED97-4B5E-4092-8AA8-B4D4DEF5491C}.Debug|Any CPU.Build.0 = Debug|Any CPU
		{CB3BED97-4B5E-4092-8AA8-B4D4DEF5491C}.Release|Any CPU.ActiveCfg = Release|Any CPU
		{CB3BED97-4B5E-4092-8AA8-B4D4DEF5491C}.Release|Any CPU.Build.0 = Release|Any CPU
		{274121C7-9318-4503-BD03-A9D6FA7946D4}.Debug|Any CPU.ActiveCfg = Debug|Any CPU
		{274121C7-9318-4503-BD03-A9D6FA7946D4}.Debug|Any CPU.Build.0 = Debug|Any CPU
		{274121C7-9318-4503-BD03-A9D6FA7946D4}.Release|Any CPU.ActiveCfg = Release|Any CPU
		{274121C7-9318-4503-BD03-A9D6FA7946D4}.Release|Any CPU.Build.0 = Release|Any CPU
		{B0C13AA7-357D-428B-8349-6988481B2F53}.Debug|Any CPU.ActiveCfg = Debug|Any CPU
		{B0C13AA7-357D-428B-8349-6988481B2F53}.Debug|Any CPU.Build.0 = Debug|Any CPU
		{B0C13AA7-357D-428B-8349-6988481B2F53}.Release|Any CPU.ActiveCfg = Release|Any CPU
		{B0C13AA7-357D-428B-8349-6988481B2F53}.Release|Any CPU.Build.0 = Release|Any CPU
		{7D3600E6-B2C9-43CB-A209-E62755A873E5}.Debug|Any CPU.ActiveCfg = Debug|Any CPU
		{7D3600E6-B2C9-43CB-A209-E62755A873E5}.Debug|Any CPU.Build.0 = Debug|Any CPU
		{7D3600E6-B2C9-43CB-A209-E62755A873E5}.Release|Any CPU.ActiveCfg = Release|Any CPU
		{7D3600E6-B2C9-43CB-A209-E62755A873E5}.Release|Any CPU.Build.0 = Release|Any CPU
		{BCD68989-2D2D-44A2-8CF9-FC2BF59703ED}.Debug|Any CPU.ActiveCfg = Debug|Any CPU
		{BCD68989-2D2D-44A2-8CF9-FC2BF59703ED}.Debug|Any CPU.Build.0 = Debug|Any CPU
		{BCD68989-2D2D-44A2-8CF9-FC2BF59703ED}.Release|Any CPU.ActiveCfg = Release|Any CPU
		{BCD68989-2D2D-44A2-8CF9-FC2BF59703ED}.Release|Any CPU.Build.0 = Release|Any CPU
		{7D4FD53B-2F45-419F-BA9A-A71A5B1FFF45}.Debug|Any CPU.ActiveCfg = Debug|Any CPU
		{7D4FD53B-2F45-419F-BA9A-A71A5B1FFF45}.Debug|Any CPU.Build.0 = Debug|Any CPU
		{7D4FD53B-2F45-419F-BA9A-A71A5B1FFF45}.Release|Any CPU.ActiveCfg = Release|Any CPU
		{7D4FD53B-2F45-419F-BA9A-A71A5B1FFF45}.Release|Any CPU.Build.0 = Release|Any CPU
		{5D3C5644-F8BA-4295-83B4-856DF7A553C0}.Debug|Any CPU.ActiveCfg = Debug|Any CPU
		{5D3C5644-F8BA-4295-83B4-856DF7A553C0}.Debug|Any CPU.Build.0 = Debug|Any CPU
		{5D3C5644-F8BA-4295-83B4-856DF7A553C0}.Release|Any CPU.ActiveCfg = Release|Any CPU
		{5D3C5644-F8BA-4295-83B4-856DF7A553C0}.Release|Any CPU.Build.0 = Release|Any CPU
		{953C3172-07BD-465A-9EAD-77C9CD755988}.Debug|Any CPU.ActiveCfg = Debug|Any CPU
		{953C3172-07BD-465A-9EAD-77C9CD755988}.Debug|Any CPU.Build.0 = Debug|Any CPU
		{953C3172-07BD-465A-9EAD-77C9CD755988}.Release|Any CPU.ActiveCfg = Release|Any CPU
		{953C3172-07BD-465A-9EAD-77C9CD755988}.Release|Any CPU.Build.0 = Release|Any CPU
		{7633ACDA-9BCC-41EB-A7E9-966A4DEA41FB}.Debug|Any CPU.ActiveCfg = Debug|Any CPU
		{7633ACDA-9BCC-41EB-A7E9-966A4DEA41FB}.Debug|Any CPU.Build.0 = Debug|Any CPU
		{7633ACDA-9BCC-41EB-A7E9-966A4DEA41FB}.Release|Any CPU.ActiveCfg = Release|Any CPU
		{7633ACDA-9BCC-41EB-A7E9-966A4DEA41FB}.Release|Any CPU.Build.0 = Release|Any CPU
		{1967DABA-CC2C-4D78-9D4B-A4F07892FE93}.Debug|Any CPU.ActiveCfg = Debug|Any CPU
		{1967DABA-CC2C-4D78-9D4B-A4F07892FE93}.Debug|Any CPU.Build.0 = Debug|Any CPU
		{1967DABA-CC2C-4D78-9D4B-A4F07892FE93}.Release|Any CPU.ActiveCfg = Release|Any CPU
		{1967DABA-CC2C-4D78-9D4B-A4F07892FE93}.Release|Any CPU.Build.0 = Release|Any CPU
	EndGlobalSection
	GlobalSection(SolutionProperties) = preSolution
		HideSolutionNode = FALSE
	EndGlobalSection
	GlobalSection(NestedProjects) = preSolution
		{54E164C0-111D-49A0-BCAD-126B70DB4270} = {F4850650-2678-4F1C-ADBA-ED1C809390A9}
		{CB3BED97-4B5E-4092-8AA8-B4D4DEF5491C} = {F4850650-2678-4F1C-ADBA-ED1C809390A9}
		{274121C7-9318-4503-BD03-A9D6FA7946D4} = {F4850650-2678-4F1C-ADBA-ED1C809390A9}
		{B0C13AA7-357D-428B-8349-6988481B2F53} = {1B71B6C1-D0D1-4574-B275-577EEEA14CAE}
		{7D3600E6-B2C9-43CB-A209-E62755A873E5} = {F4850650-2678-4F1C-ADBA-ED1C809390A9}
		{BCD68989-2D2D-44A2-8CF9-FC2BF59703ED} = {F4850650-2678-4F1C-ADBA-ED1C809390A9}
		{7D4FD53B-2F45-419F-BA9A-A71A5B1FFF45} = {F4850650-2678-4F1C-ADBA-ED1C809390A9}
		{5D3C5644-F8BA-4295-83B4-856DF7A553C0} = {F4850650-2678-4F1C-ADBA-ED1C809390A9}
		{7633ACDA-9BCC-41EB-A7E9-966A4DEA41FB} = {F4850650-2678-4F1C-ADBA-ED1C809390A9}
		{1967DABA-CC2C-4D78-9D4B-A4F07892FE93} = {F4850650-2678-4F1C-ADBA-ED1C809390A9}
	EndGlobalSection
	GlobalSection(ExtensibilityGlobals) = postSolution
		SolutionGuid = {18BAA4A1-F904-4368-8A7A-AA45DF3BE327}
	EndGlobalSection
EndGlobal
